
Microsoft Visual Studio Solution File, Format Version 12.00
# Visual Studio Version 16
VisualStudioVersion = 16.0.30611.23
MinimumVisualStudioVersion = 10.0.40219.1
Project("{FAE04EC0-301F-11D3-BF4B-00C04F79EFBC}") = "ExercicioComConjunto_II", "ExercicioComConjunto_II\ExercicioComConjunto_II.csproj", "{F2004115-EB8F-4B53-8951-3674EB2F225E}"
EndProject
Global
	GlobalSection(SolutionConfigurationPlatforms) = preSolution
		Debug|Any CPU = Debug|Any CPU
		Release|Any CPU = Release|Any CPU
	EndGlobalSection
	GlobalSection(ProjectConfigurationPlatforms) = postSolution
		{F2004115-EB8F-4B53-8951-3674EB2F225E}.Debug|Any CPU.ActiveCfg = Debug|Any CPU
		{F2004115-EB8F-4B53-8951-3674EB2F225E}.Debug|Any CPU.Build.0 = Debug|Any CPU
		{F2004115-EB8F-4B53-8951-3674EB2F225E}.Release|Any CPU.ActiveCfg = Release|Any CPU
		{F2004115-EB8F-4B53-8951-3674EB2F225E}.Release|Any CPU.Build.0 = Release|Any CPU
	EndGlobalSection
	GlobalSection(SolutionProperties) = preSolution
		HideSolutionNode = FALSE
	EndGlobalSection
	GlobalSection(ExtensibilityGlobals) = postSolution
		SolutionGuid = {2F4106D5-9E47-43CC-B26B-7CBEE4745ADD}
	EndGlobalSection
EndGlobal
